<Solution>
  <Configurations>
    <BuildType Name="Debug" />
    <BuildType Name="ExportDebug" />
    <BuildType Name="ExportRelease" />
  </Configurations>
  <Project Path="EuropeDominationDemo.csproj" Type="Classic C#" />
  <Project Path="Tests\Tests.csproj" Type="Classic C#">
    <Configuration Solution="ExportDebug|Any CPU" Project="Debug|Any CPU" />
    <Configuration Solution="ExportRelease|Any CPU" Project="Debug|Any CPU" />
  </Project>
</Solution>